
Microsoft Visual Studio Solution File, Format Version 12.00
# Visual Studio Version 17
VisualStudioVersion = 17.7.34221.43
MinimumVisualStudioVersion = 10.0.40219.1
Project("{9A19103F-16F7-4668-BE54-9A1E7A4F7556}") = "BookStore", "BookStore.csproj", "{B9F61415-E6B7-40C1-B9D2-094623A5E15A}"
EndProject
Global
	GlobalSection(SolutionConfigurationPlatforms) = preSolution
		Debug|Any CPU = Debug|Any CPU
		Release|Any CPU = Release|Any CPU
	EndGlobalSection
	GlobalSection(ProjectConfigurationPlatforms) = postSolution
		{B9F61415-E6B7-40C1-B9D2-094623A5E15A}.Debug|Any CPU.ActiveCfg = Debug|Any CPU
		{B9F61415-E6B7-40C1-B9D2-094623A5E15A}.Debug|Any CPU.Build.0 = Debug|Any CPU
		{B9F61415-E6B7-40C1-B9D2-094623A5E15A}.Release|Any CPU.ActiveCfg = Release|Any CPU
		{B9F61415-E6B7-40C1-B9D2-094623A5E15A}.Release|Any CPU.Build.0 = Release|Any CPU
	EndGlobalSection
	GlobalSection(SolutionProperties) = preSolution
		HideSolutionNode = FALSE
	EndGlobalSection
	GlobalSection(ExtensibilityGlobals) = postSolution
		SolutionGuid = {683274D4-F078-477A-9DD4-1F5EA5772F7D}
	EndGlobalSection
EndGlobal
